// !$*UTF8*$!
{
	archiveVersion = 1;
	classes = {
	};
	objectVersion = 48;
	objects = {

/* Begin PBXBuildFile section */
		02183FD1210A90F000F3404D /* HabitTableViewController.swift in Sources */ = {isa = PBXBuildFile; fileRef = 02183FD0210A90F000F3404D /* HabitTableViewController.swift */; };
		0219F81F2097A3C000347E58 /* JoltTableViewCell.swift in Sources */ = {isa = PBXBuildFile; fileRef = 0219F81E2097A3C000347E58 /* JoltTableViewCell.swift */; };
		0225797C1FD10797001EC2CD /* Main.storyboard in Resources */ = {isa = PBXBuildFile; fileRef = 0225797A1FD10797001EC2CD /* Main.storyboard */; };
		022579811FD10797001EC2CD /* LaunchScreen.storyboard in Resources */ = {isa = PBXBuildFile; fileRef = 0225797F1FD10797001EC2CD /* LaunchScreen.storyboard */; };
		0234FDAB21AEE83F002C10D2 /* DashboardHeader.swift in Sources */ = {isa = PBXBuildFile; fileRef = 0234FDAA21AEE83F002C10D2 /* DashboardHeader.swift */; };
		023EE69B20F664EA008115CB /* DashboardViewController.swift in Sources */ = {isa = PBXBuildFile; fileRef = 023EE69A20F664E9008115CB /* DashboardViewController.swift */; };
		024A7B472107D07C00E55B8D /* DashboardCollectionViewLayout.swift in Sources */ = {isa = PBXBuildFile; fileRef = 024A7B462107D07C00E55B8D /* DashboardCollectionViewLayout.swift */; };
		024B058B2107DA8A002088CD /* HabitViewController.swift in Sources */ = {isa = PBXBuildFile; fileRef = 024B058A2107DA8A002088CD /* HabitViewController.swift */; };
		024E1CEF2027E3B600858184 /* GoogleService-Info.plist in Resources */ = {isa = PBXBuildFile; fileRef = 024E1CEE2027E3B600858184 /* GoogleService-Info.plist */; };
		024E5E47219DC30F00160A20 /* JoltsTableViewController.swift in Sources */ = {isa = PBXBuildFile; fileRef = 024E5E46219DC30F00160A20 /* JoltsTableViewController.swift */; };
		025DA87421B04858006A0F4B /* HabitTableViewCell.swift in Sources */ = {isa = PBXBuildFile; fileRef = 025DA87321B04858006A0F4B /* HabitTableViewCell.swift */; };
		026818B42027ED1100FFB2A6 /* UserLoginViewController.swift in Sources */ = {isa = PBXBuildFile; fileRef = 026818B32027ED1100FFB2A6 /* UserLoginViewController.swift */; };
		026EBE8B20A680750027123E /* Assets.xcassets in Resources */ = {isa = PBXBuildFile; fileRef = 026EBE8A20A680740027123E /* Assets.xcassets */; };
		0275DF7521933E04004BEE21 /* SessionJoltViewController.swift in Sources */ = {isa = PBXBuildFile; fileRef = 0275DF7421933E04004BEE21 /* SessionJoltViewController.swift */; };
		0279E7D62101443500E8D964 /* Dash01CollectionViewCell.swift in Sources */ = {isa = PBXBuildFile; fileRef = 0279E7D52101443500E8D964 /* Dash01CollectionViewCell.swift */; };
		029D41D02029469700CE5480 /* AuthVC.swift in Sources */ = {isa = PBXBuildFile; fileRef = 029D41CF2029469600CE5480 /* AuthVC.swift */; };
		02A032B921ADB5210095EEC3 /* Dash02CollectionViewCell.swift in Sources */ = {isa = PBXBuildFile; fileRef = 02A032B821ADB5210095EEC3 /* Dash02CollectionViewCell.swift */; };
		02A3A41621908C2F00FF591E /* SessionTimerViewController.swift in Sources */ = {isa = PBXBuildFile; fileRef = 02A3A41521908C2F00FF591E /* SessionTimerViewController.swift */; };
		02A4A0342069C250008EDAED /* StringFromDate.swift in Sources */ = {isa = PBXBuildFile; fileRef = 02A4A0332069C250008EDAED /* StringFromDate.swift */; };
		02B15397206316E000368D9E /* HabitCreationViewController.swift in Sources */ = {isa = PBXBuildFile; fileRef = 02B15396206316E000368D9E /* HabitCreationViewController.swift */; };
		02B34AC320C33A7500DBA4FB /* UITextFieldExtension.swift in Sources */ = {isa = PBXBuildFile; fileRef = 02B34AC220C33A7500DBA4FB /* UITextFieldExtension.swift */; };
		02C33E0B2099031C001464F6 /* UIScrollView+EmptyDataSet.m in Sources */ = {isa = PBXBuildFile; fileRef = 02C33E092099031B001464F6 /* UIScrollView+EmptyDataSet.m */; };
		02EAA6192031165900BF0775 /* Session.swift in Sources */ = {isa = PBXBuildFile; fileRef = 02EAA6182031165900BF0775 /* Session.swift */; };
		02EAA61B20327CC100BF0775 /* Habit.swift in Sources */ = {isa = PBXBuildFile; fileRef = 02EAA61A20327CC100BF0775 /* Habit.swift */; };
		02EAA61D2032805A00BF0775 /* Jolt.swift in Sources */ = {isa = PBXBuildFile; fileRef = 02EAA61C2032805A00BF0775 /* Jolt.swift */; };
		02ED82AC2195DBDC0095191C /* SessionEditViewController.swift in Sources */ = {isa = PBXBuildFile; fileRef = 02ED82AB2195DBDC0095191C /* SessionEditViewController.swift */; };
		07F5DF3254A5D21BEE420879 /* Pods_Jolt.framework in Frameworks */ = {isa = PBXBuildFile; fileRef = 83D1E41A85C2DF71EB1A0EBB /* Pods_Jolt.framework */; };
		980DF3E42201135F00B0172C /* HabitHeaderTableViewCell.swift in Sources */ = {isa = PBXBuildFile; fileRef = 980DF3E32201135F00B0172C /* HabitHeaderTableViewCell.swift */; };
		9828B85E21EE3DF30015845D /* AppDelegate.swift in Sources */ = {isa = PBXBuildFile; fileRef = 9828B85D21EE3DF30015845D /* AppDelegate.swift */; };
		984F88D121F946D3002C0B41 /* ChatViewController.swift in Sources */ = {isa = PBXBuildFile; fileRef = 984F88D021F946D3002C0B41 /* ChatViewController.swift */; };
		984F88D821F94C55002C0B41 /* Message.swift in Sources */ = {isa = PBXBuildFile; fileRef = 984F88D721F94C55002C0B41 /* Message.swift */; };
		984F88DA21F95198002C0B41 /* OnlineFriendsTableViewController.swift in Sources */ = {isa = PBXBuildFile; fileRef = 984F88D921F95198002C0B41 /* OnlineFriendsTableViewController.swift */; };
/* End PBXBuildFile section */

/* Begin PBXFileReference section */
		02183FD0210A90F000F3404D /* HabitTableViewController.swift */ = {isa = PBXFileReference; lastKnownFileType = sourcecode.swift; path = HabitTableViewController.swift; sourceTree = "<group>"; };
		0219F81E2097A3C000347E58 /* JoltTableViewCell.swift */ = {isa = PBXFileReference; lastKnownFileType = sourcecode.swift; path = JoltTableViewCell.swift; sourceTree = "<group>"; };
		022579731FD10797001EC2CD /* Jolt.app */ = {isa = PBXFileReference; explicitFileType = wrapper.application; includeInIndex = 0; path = Jolt.app; sourceTree = BUILT_PRODUCTS_DIR; };
		0225797B1FD10797001EC2CD /* Base */ = {isa = PBXFileReference; lastKnownFileType = file.storyboard; name = Base; path = Base.lproj/Main.storyboard; sourceTree = "<group>"; };
		022579801FD10797001EC2CD /* Base */ = {isa = PBXFileReference; lastKnownFileType = file.storyboard; name = Base; path = Base.lproj/LaunchScreen.storyboard; sourceTree = "<group>"; };
		022579821FD10797001EC2CD /* Info.plist */ = {isa = PBXFileReference; lastKnownFileType = text.plist.xml; path = Info.plist; sourceTree = "<group>"; };
		0234FDAA21AEE83F002C10D2 /* DashboardHeader.swift */ = {isa = PBXFileReference; lastKnownFileType = sourcecode.swift; path = DashboardHeader.swift; sourceTree = "<group>"; };
		023EE69A20F664E9008115CB /* DashboardViewController.swift */ = {isa = PBXFileReference; lastKnownFileType = sourcecode.swift; path = DashboardViewController.swift; sourceTree = "<group>"; };
		024A7B462107D07C00E55B8D /* DashboardCollectionViewLayout.swift */ = {isa = PBXFileReference; lastKnownFileType = sourcecode.swift; path = DashboardCollectionViewLayout.swift; sourceTree = "<group>"; };
		024B058A2107DA8A002088CD /* HabitViewController.swift */ = {isa = PBXFileReference; lastKnownFileType = sourcecode.swift; path = HabitViewController.swift; sourceTree = "<group>"; };
		024E1CEE2027E3B600858184 /* GoogleService-Info.plist */ = {isa = PBXFileReference; fileEncoding = 4; lastKnownFileType = text.plist.xml; path = "GoogleService-Info.plist"; sourceTree = "<group>"; };
		024E5E46219DC30F00160A20 /* JoltsTableViewController.swift */ = {isa = PBXFileReference; lastKnownFileType = sourcecode.swift; path = JoltsTableViewController.swift; sourceTree = "<group>"; };
		025DA87321B04858006A0F4B /* HabitTableViewCell.swift */ = {isa = PBXFileReference; fileEncoding = 4; lastKnownFileType = sourcecode.swift; path = HabitTableViewCell.swift; sourceTree = "<group>"; };
		026818B32027ED1100FFB2A6 /* UserLoginViewController.swift */ = {isa = PBXFileReference; lastKnownFileType = sourcecode.swift; name = UserLoginViewController.swift; path = ../../UserLoginViewController.swift; sourceTree = "<group>"; };
		026EBE8A20A680740027123E /* Assets.xcassets */ = {isa = PBXFileReference; lastKnownFileType = folder.assetcatalog; path = Assets.xcassets; sourceTree = "<group>"; };
		0275DF7421933E04004BEE21 /* SessionJoltViewController.swift */ = {isa = PBXFileReference; lastKnownFileType = sourcecode.swift; path = SessionJoltViewController.swift; sourceTree = "<group>"; };
		0279E7D52101443500E8D964 /* Dash01CollectionViewCell.swift */ = {isa = PBXFileReference; lastKnownFileType = sourcecode.swift; path = Dash01CollectionViewCell.swift; sourceTree = "<group>"; };
		029D41CF2029469600CE5480 /* AuthVC.swift */ = {isa = PBXFileReference; lastKnownFileType = sourcecode.swift; path = AuthVC.swift; sourceTree = "<group>"; };
		02A032B821ADB5210095EEC3 /* Dash02CollectionViewCell.swift */ = {isa = PBXFileReference; lastKnownFileType = sourcecode.swift; path = Dash02CollectionViewCell.swift; sourceTree = "<group>"; };
		02A3A41521908C2F00FF591E /* SessionTimerViewController.swift */ = {isa = PBXFileReference; lastKnownFileType = sourcecode.swift; path = SessionTimerViewController.swift; sourceTree = "<group>"; };
		02A4A0332069C250008EDAED /* StringFromDate.swift */ = {isa = PBXFileReference; lastKnownFileType = sourcecode.swift; path = StringFromDate.swift; sourceTree = "<group>"; };
		02B15396206316E000368D9E /* HabitCreationViewController.swift */ = {isa = PBXFileReference; lastKnownFileType = sourcecode.swift; path = HabitCreationViewController.swift; sourceTree = "<group>"; };
		02B34AC220C33A7500DBA4FB /* UITextFieldExtension.swift */ = {isa = PBXFileReference; lastKnownFileType = sourcecode.swift; path = UITextFieldExtension.swift; sourceTree = "<group>"; };
		02C33E0820990319001464F6 /* Jolt-Bridging-Header.h */ = {isa = PBXFileReference; lastKnownFileType = sourcecode.c.h; path = "Jolt-Bridging-Header.h"; sourceTree = "<group>"; };
		02C33E092099031B001464F6 /* UIScrollView+EmptyDataSet.m */ = {isa = PBXFileReference; fileEncoding = 4; lastKnownFileType = sourcecode.c.objc; path = "UIScrollView+EmptyDataSet.m"; sourceTree = "<group>"; };
		02C33E0A2099031C001464F6 /* UIScrollView+EmptyDataSet.h */ = {isa = PBXFileReference; fileEncoding = 4; lastKnownFileType = sourcecode.c.h; path = "UIScrollView+EmptyDataSet.h"; sourceTree = "<group>"; };
		02EAA614202FAC8600BF0775 /* Jolt.entitlements */ = {isa = PBXFileReference; lastKnownFileType = text.plist.entitlements; path = Jolt.entitlements; sourceTree = "<group>"; };
		02EAA6182031165900BF0775 /* Session.swift */ = {isa = PBXFileReference; lastKnownFileType = sourcecode.swift; path = Session.swift; sourceTree = "<group>"; };
		02EAA61A20327CC100BF0775 /* Habit.swift */ = {isa = PBXFileReference; lastKnownFileType = sourcecode.swift; path = Habit.swift; sourceTree = "<group>"; };
		02EAA61C2032805A00BF0775 /* Jolt.swift */ = {isa = PBXFileReference; lastKnownFileType = sourcecode.swift; path = Jolt.swift; sourceTree = "<group>"; };
		02ED82AB2195DBDC0095191C /* SessionEditViewController.swift */ = {isa = PBXFileReference; lastKnownFileType = sourcecode.swift; path = SessionEditViewController.swift; sourceTree = "<group>"; };
		83D1E41A85C2DF71EB1A0EBB /* Pods_Jolt.framework */ = {isa = PBXFileReference; explicitFileType = wrapper.framework; includeInIndex = 0; path = Pods_Jolt.framework; sourceTree = BUILT_PRODUCTS_DIR; };
		980DF3E32201135F00B0172C /* HabitHeaderTableViewCell.swift */ = {isa = PBXFileReference; lastKnownFileType = sourcecode.swift; path = HabitHeaderTableViewCell.swift; sourceTree = "<group>"; };
		9828B85D21EE3DF30015845D /* AppDelegate.swift */ = {isa = PBXFileReference; fileEncoding = 4; lastKnownFileType = sourcecode.swift; path = AppDelegate.swift; sourceTree = "<group>"; };
		984F88D021F946D3002C0B41 /* ChatViewController.swift */ = {isa = PBXFileReference; fileEncoding = 4; lastKnownFileType = sourcecode.swift; path = ChatViewController.swift; sourceTree = "<group>"; };
		984F88D721F94C55002C0B41 /* Message.swift */ = {isa = PBXFileReference; lastKnownFileType = sourcecode.swift; path = Message.swift; sourceTree = "<group>"; };
		984F88D921F95198002C0B41 /* OnlineFriendsTableViewController.swift */ = {isa = PBXFileReference; lastKnownFileType = sourcecode.swift; path = OnlineFriendsTableViewController.swift; sourceTree = "<group>"; };
		CEE6A4A4C69C422F173C0E0D /* Pods-Jolt.debug.xcconfig */ = {isa = PBXFileReference; includeInIndex = 1; lastKnownFileType = text.xcconfig; name = "Pods-Jolt.debug.xcconfig"; path = "Pods/Target Support Files/Pods-Jolt/Pods-Jolt.debug.xcconfig"; sourceTree = "<group>"; };
		DDEE9C83C45703FA928BF363 /* Pods-Jolt.release.xcconfig */ = {isa = PBXFileReference; includeInIndex = 1; lastKnownFileType = text.xcconfig; name = "Pods-Jolt.release.xcconfig"; path = "Pods/Target Support Files/Pods-Jolt/Pods-Jolt.release.xcconfig"; sourceTree = "<group>"; };
/* End PBXFileReference section */

/* Begin PBXFrameworksBuildPhase section */
		022579701FD10797001EC2CD /* Frameworks */ = {
			isa = PBXFrameworksBuildPhase;
			buildActionMask = 2147483647;
			files = (
				07F5DF3254A5D21BEE420879 /* Pods_Jolt.framework in Frameworks */,
			);
			runOnlyForDeploymentPostprocessing = 0;
		};
/* End PBXFrameworksBuildPhase section */

/* Begin PBXGroup section */
		0225796A1FD10797001EC2CD = {
			isa = PBXGroup;
			children = (
				022579751FD10797001EC2CD /* Jolt */,
				022579741FD10797001EC2CD /* Products */,
				CAA969D473E20FB605161A50 /* Pods */,
				F3EC5AF6BDE88954D8E3C462 /* Frameworks */,
			);
			sourceTree = "<group>";
		};
		022579741FD10797001EC2CD /* Products */ = {
			isa = PBXGroup;
			children = (
				022579731FD10797001EC2CD /* Jolt.app */,
			);
			name = Products;
			sourceTree = "<group>";
		};
		022579751FD10797001EC2CD /* Jolt */ = {
			isa = PBXGroup;
			children = (
				023EE69920F6611D008115CB /* ALPHA Refactor */,
				02EAA615202FB83F00BF0775 /* Model */,
				02EAA614202FAC8600BF0775 /* Jolt.entitlements */,
				022579821FD10797001EC2CD /* Info.plist */,
				9828B85D21EE3DF30015845D /* AppDelegate.swift */,
				026EBE8A20A680740027123E /* Assets.xcassets */,
				029D41CE2029355500CE5480 /* Support Files */,
				029D41CD2029353B00CE5480 /* Storyboard */,
			);
			path = Jolt;
			sourceTree = "<group>";
		};
		0234FDA921AEE81F002C10D2 /* Cell */ = {
			isa = PBXGroup;
			children = (
				025DA87321B04858006A0F4B /* HabitTableViewCell.swift */,
				0234FDAA21AEE83F002C10D2 /* DashboardHeader.swift */,
				0219F81E2097A3C000347E58 /* JoltTableViewCell.swift */,
				980DF3E32201135F00B0172C /* HabitHeaderTableViewCell.swift */,
			);
			path = Cell;
			sourceTree = "<group>";
		};
		023EE69920F6611D008115CB /* ALPHA Refactor */ = {
			isa = PBXGroup;
			children = (
				984F88D221F948B3002C0B41 /* Controllers */,
				0234FDA921AEE81F002C10D2 /* Cell */,
				02A4A0322069C22B008EDAED /* Components */,
				024A7B452107D05000E55B8D /* Layout */,
				0279E7D4210143FB00E8D964 /* View */,
				0279E7D3210143B500E8D964 /* ViewController */,
			);
			path = "ALPHA Refactor";
			sourceTree = "<group>";
		};
		024A7B452107D05000E55B8D /* Layout */ = {
			isa = PBXGroup;
			children = (
				024A7B462107D07C00E55B8D /* DashboardCollectionViewLayout.swift */,
			);
			path = Layout;
			sourceTree = "<group>";
		};
		0279E7D3210143B500E8D964 /* ViewController */ = {
			isa = PBXGroup;
			children = (
				023EE69A20F664E9008115CB /* DashboardViewController.swift */,
				024B058A2107DA8A002088CD /* HabitViewController.swift */,
				02183FD0210A90F000F3404D /* HabitTableViewController.swift */,
				026818B32027ED1100FFB2A6 /* UserLoginViewController.swift */,
				02B15396206316E000368D9E /* HabitCreationViewController.swift */,
				02A3A41521908C2F00FF591E /* SessionTimerViewController.swift */,
				0275DF7421933E04004BEE21 /* SessionJoltViewController.swift */,
				02ED82AB2195DBDC0095191C /* SessionEditViewController.swift */,
				024E5E46219DC30F00160A20 /* JoltsTableViewController.swift */,
				984F88D021F946D3002C0B41 /* ChatViewController.swift */,
				984F88D921F95198002C0B41 /* OnlineFriendsTableViewController.swift */,
			);
			path = ViewController;
			sourceTree = "<group>";
		};
		0279E7D4210143FB00E8D964 /* View */ = {
			isa = PBXGroup;
			children = (
				0279E7D52101443500E8D964 /* Dash01CollectionViewCell.swift */,
				02A032B821ADB5210095EEC3 /* Dash02CollectionViewCell.swift */,
				029D41CF2029469600CE5480 /* AuthVC.swift */,
			);
			path = View;
			sourceTree = "<group>";
		};
		029D41CD2029353B00CE5480 /* Storyboard */ = {
			isa = PBXGroup;
			children = (
				0225797A1FD10797001EC2CD /* Main.storyboard */,
				0225797F1FD10797001EC2CD /* LaunchScreen.storyboard */,
			);
			path = Storyboard;
			sourceTree = "<group>";
		};
		029D41CE2029355500CE5480 /* Support Files */ = {
			isa = PBXGroup;
			children = (
				02C33E0A2099031C001464F6 /* UIScrollView+EmptyDataSet.h */,
				02C33E092099031B001464F6 /* UIScrollView+EmptyDataSet.m */,
				024E1CEE2027E3B600858184 /* GoogleService-Info.plist */,
				02C33E0820990319001464F6 /* Jolt-Bridging-Header.h */,
				02B34AC220C33A7500DBA4FB /* UITextFieldExtension.swift */,
			);
			path = "Support Files";
			sourceTree = "<group>";
		};
		02A4A0322069C22B008EDAED /* Components */ = {
			isa = PBXGroup;
			children = (
				02A4A0332069C250008EDAED /* StringFromDate.swift */,
			);
			path = Components;
			sourceTree = "<group>";
		};
		02EAA615202FB83F00BF0775 /* Model */ = {
			isa = PBXGroup;
			children = (
				02EAA6182031165900BF0775 /* Session.swift */,
				02EAA61A20327CC100BF0775 /* Habit.swift */,
				02EAA61C2032805A00BF0775 /* Jolt.swift */,
				984F88D721F94C55002C0B41 /* Message.swift */,
			);
			path = Model;
			sourceTree = "<group>";
		};
		984F88D221F948B3002C0B41 /* Controllers */ = {
			isa = PBXGroup;
			children = (
			);
			path = Controllers;
			sourceTree = "<group>";
		};
		CAA969D473E20FB605161A50 /* Pods */ = {
			isa = PBXGroup;
			children = (
				CEE6A4A4C69C422F173C0E0D /* Pods-Jolt.debug.xcconfig */,
				DDEE9C83C45703FA928BF363 /* Pods-Jolt.release.xcconfig */,
			);
			name = Pods;
			sourceTree = "<group>";
		};
		F3EC5AF6BDE88954D8E3C462 /* Frameworks */ = {
			isa = PBXGroup;
			children = (
				83D1E41A85C2DF71EB1A0EBB /* Pods_Jolt.framework */,
			);
			name = Frameworks;
			sourceTree = "<group>";
		};
/* End PBXGroup section */

/* Begin PBXNativeTarget section */
		022579721FD10797001EC2CD /* Jolt */ = {
			isa = PBXNativeTarget;
			buildConfigurationList = 022579851FD10797001EC2CD /* Build configuration list for PBXNativeTarget "Jolt" */;
			buildPhases = (
				83597806DDC1B9A0FADA5059 /* [CP] Check Pods Manifest.lock */,
				0225796F1FD10797001EC2CD /* Sources */,
				022579701FD10797001EC2CD /* Frameworks */,
				022579711FD10797001EC2CD /* Resources */,
				8A9B2D3281144710E89746BA /* [CP] Embed Pods Frameworks */,
				A3594B9E51974F71753C4ABB /* [CP] Copy Pods Resources */,
			);
			buildRules = (
			);
			dependencies = (
			);
			name = Jolt;
			productName = Jolt;
			productReference = 022579731FD10797001EC2CD /* Jolt.app */;
			productType = "com.apple.product-type.application";
		};
/* End PBXNativeTarget section */

/* Begin PBXProject section */
		0225796B1FD10797001EC2CD /* Project object */ = {
			isa = PBXProject;
			attributes = {
				LastSwiftUpdateCheck = 0900;
				LastUpgradeCheck = 0940;
				ORGANIZATIONNAME = "Gabriel Ducharme";
				TargetAttributes = {
					022579721FD10797001EC2CD = {
						CreatedOnToolsVersion = 9.0;
						LastSwiftMigration = 1000;
						ProvisioningStyle = Automatic;
						SystemCapabilities = {
							com.apple.Keychain = {
								enabled = 1;
							};
							com.apple.Push = {
								enabled = 1;
							};
						};
					};
				};
			};
			buildConfigurationList = 0225796E1FD10797001EC2CD /* Build configuration list for PBXProject "Jolt" */;
			compatibilityVersion = "Xcode 8.0";
			developmentRegion = en;
			hasScannedForEncodings = 0;
			knownRegions = (
				en,
				Base,
			);
			mainGroup = 0225796A1FD10797001EC2CD;
			productRefGroup = 022579741FD10797001EC2CD /* Products */;
			projectDirPath = "";
			projectRoot = "";
			targets = (
				022579721FD10797001EC2CD /* Jolt */,
			);
		};
/* End PBXProject section */

/* Begin PBXResourcesBuildPhase section */
		022579711FD10797001EC2CD /* Resources */ = {
			isa = PBXResourcesBuildPhase;
			buildActionMask = 2147483647;
			files = (
				022579811FD10797001EC2CD /* LaunchScreen.storyboard in Resources */,
				0225797C1FD10797001EC2CD /* Main.storyboard in Resources */,
				026EBE8B20A680750027123E /* Assets.xcassets in Resources */,
				024E1CEF2027E3B600858184 /* GoogleService-Info.plist in Resources */,
			);
			runOnlyForDeploymentPostprocessing = 0;
		};
/* End PBXResourcesBuildPhase section */

/* Begin PBXShellScriptBuildPhase section */
		83597806DDC1B9A0FADA5059 /* [CP] Check Pods Manifest.lock */ = {
			isa = PBXShellScriptBuildPhase;
			buildActionMask = 2147483647;
			files = (
			);
			inputPaths = (
				"${PODS_PODFILE_DIR_PATH}/Podfile.lock",
				"${PODS_ROOT}/Manifest.lock",
			);
			name = "[CP] Check Pods Manifest.lock";
			outputPaths = (
				"$(DERIVED_FILE_DIR)/Pods-Jolt-checkManifestLockResult.txt",
			);
			runOnlyForDeploymentPostprocessing = 0;
			shellPath = /bin/sh;
			shellScript = "diff \"${PODS_PODFILE_DIR_PATH}/Podfile.lock\" \"${PODS_ROOT}/Manifest.lock\" > /dev/null\nif [ $? != 0 ] ; then\n    # print error to STDERR\n    echo \"error: The sandbox is not in sync with the Podfile.lock. Run 'pod install' or update your CocoaPods installation.\" >&2\n    exit 1\nfi\n# This output is used by Xcode 'outputs' to avoid re-running this script phase.\necho \"SUCCESS\" > \"${SCRIPT_OUTPUT_FILE_0}\"\n";
			showEnvVarsInLog = 0;
		};
		8A9B2D3281144710E89746BA /* [CP] Embed Pods Frameworks */ = {
			isa = PBXShellScriptBuildPhase;
			buildActionMask = 12;
			files = (
			);
			inputPaths = (
				"${SRCROOT}/Pods/Target Support Files/Pods-Jolt/Pods-Jolt-frameworks.sh",
				"${BUILT_PRODUCTS_DIR}/Bolts/Bolts.framework",
				"${BUILT_PRODUCTS_DIR}/BoringSSL/openssl.framework",
				"${BUILT_PRODUCTS_DIR}/Charts/Charts.framework",
				"${BUILT_PRODUCTS_DIR}/FBSDKCoreKit/FBSDKCoreKit.framework",
				"${BUILT_PRODUCTS_DIR}/FBSDKLoginKit/FBSDKLoginKit.framework",
				"${BUILT_PRODUCTS_DIR}/GTMOAuth2/GTMOAuth2.framework",
				"${BUILT_PRODUCTS_DIR}/GTMSessionFetcher/GTMSessionFetcher.framework",
				"${BUILT_PRODUCTS_DIR}/GoogleToolboxForMac/GoogleToolboxForMac.framework",
				"${BUILT_PRODUCTS_DIR}/HGCircularSlider/HGCircularSlider.framework",
				"${BUILT_PRODUCTS_DIR}/MessageInputBar/MessageInputBar.framework",
				"${BUILT_PRODUCTS_DIR}/MessageKit/MessageKit.framework",
				"${BUILT_PRODUCTS_DIR}/Protobuf/Protobuf.framework",
				"${BUILT_PRODUCTS_DIR}/gRPC/GRPCClient.framework",
				"${BUILT_PRODUCTS_DIR}/gRPC-Core/grpc.framework",
				"${BUILT_PRODUCTS_DIR}/gRPC-ProtoRPC/ProtoRPC.framework",
				"${BUILT_PRODUCTS_DIR}/gRPC-RxLibrary/RxLibrary.framework",
				"${BUILT_PRODUCTS_DIR}/leveldb-library/leveldb.framework",
				"${BUILT_PRODUCTS_DIR}/nanopb/nanopb.framework",
			);
			name = "[CP] Embed Pods Frameworks";
			outputPaths = (
				"${TARGET_BUILD_DIR}/${FRAMEWORKS_FOLDER_PATH}/Bolts.framework",
				"${TARGET_BUILD_DIR}/${FRAMEWORKS_FOLDER_PATH}/openssl.framework",
				"${TARGET_BUILD_DIR}/${FRAMEWORKS_FOLDER_PATH}/Charts.framework",
				"${TARGET_BUILD_DIR}/${FRAMEWORKS_FOLDER_PATH}/FBSDKCoreKit.framework",
				"${TARGET_BUILD_DIR}/${FRAMEWORKS_FOLDER_PATH}/FBSDKLoginKit.framework",
				"${TARGET_BUILD_DIR}/${FRAMEWORKS_FOLDER_PATH}/GTMOAuth2.framework",
				"${TARGET_BUILD_DIR}/${FRAMEWORKS_FOLDER_PATH}/GTMSessionFetcher.framework",
				"${TARGET_BUILD_DIR}/${FRAMEWORKS_FOLDER_PATH}/GoogleToolboxForMac.framework",
				"${TARGET_BUILD_DIR}/${FRAMEWORKS_FOLDER_PATH}/HGCircularSlider.framework",
				"${TARGET_BUILD_DIR}/${FRAMEWORKS_FOLDER_PATH}/MessageInputBar.framework",
				"${TARGET_BUILD_DIR}/${FRAMEWORKS_FOLDER_PATH}/MessageKit.framework",
				"${TARGET_BUILD_DIR}/${FRAMEWORKS_FOLDER_PATH}/Protobuf.framework",
				"${TARGET_BUILD_DIR}/${FRAMEWORKS_FOLDER_PATH}/GRPCClient.framework",
				"${TARGET_BUILD_DIR}/${FRAMEWORKS_FOLDER_PATH}/grpc.framework",
				"${TARGET_BUILD_DIR}/${FRAMEWORKS_FOLDER_PATH}/ProtoRPC.framework",
				"${TARGET_BUILD_DIR}/${FRAMEWORKS_FOLDER_PATH}/RxLibrary.framework",
				"${TARGET_BUILD_DIR}/${FRAMEWORKS_FOLDER_PATH}/leveldb.framework",
				"${TARGET_BUILD_DIR}/${FRAMEWORKS_FOLDER_PATH}/nanopb.framework",
			);
			runOnlyForDeploymentPostprocessing = 0;
			shellPath = /bin/sh;
			shellScript = "\"${SRCROOT}/Pods/Target Support Files/Pods-Jolt/Pods-Jolt-frameworks.sh\"\n";
			showEnvVarsInLog = 0;
		};
		A3594B9E51974F71753C4ABB /* [CP] Copy Pods Resources */ = {
			isa = PBXShellScriptBuildPhase;
			buildActionMask = 2147483647;
			files = (
			);
			inputPaths = (
				"${SRCROOT}/Pods/Target Support Files/Pods-Jolt/Pods-Jolt-resources.sh",
				"${PODS_CONFIGURATION_BUILD_DIR}/FirebaseUI/FirebaseAuthUI.bundle",
				"${PODS_CONFIGURATION_BUILD_DIR}/FirebaseUI/FirebaseFacebookAuthUI.bundle",
				"${PODS_CONFIGURATION_BUILD_DIR}/FirebaseUI/FirebaseGoogleAuthUI.bundle",
				"${PODS_ROOT}/GoogleSignIn/Resources/GoogleSignIn.bundle",
			);
			name = "[CP] Copy Pods Resources";
			outputPaths = (
				"${TARGET_BUILD_DIR}/${UNLOCALIZED_RESOURCES_FOLDER_PATH}/FirebaseAuthUI.bundle",
				"${TARGET_BUILD_DIR}/${UNLOCALIZED_RESOURCES_FOLDER_PATH}/FirebaseFacebookAuthUI.bundle",
				"${TARGET_BUILD_DIR}/${UNLOCALIZED_RESOURCES_FOLDER_PATH}/FirebaseGoogleAuthUI.bundle",
				"${TARGET_BUILD_DIR}/${UNLOCALIZED_RESOURCES_FOLDER_PATH}/GoogleSignIn.bundle",
			);
			runOnlyForDeploymentPostprocessing = 0;
			shellPath = /bin/sh;
			shellScript = "\"${SRCROOT}/Pods/Target Support Files/Pods-Jolt/Pods-Jolt-resources.sh\"\n";
			showEnvVarsInLog = 0;
		};
/* End PBXShellScriptBuildPhase section */

/* Begin PBXSourcesBuildPhase section */
		0225796F1FD10797001EC2CD /* Sources */ = {
			isa = PBXSourcesBuildPhase;
			buildActionMask = 2147483647;
			files = (
				9828B85E21EE3DF30015845D /* AppDelegate.swift in Sources */,
				980DF3E42201135F00B0172C /* HabitHeaderTableViewCell.swift in Sources */,
				02C33E0B2099031C001464F6 /* UIScrollView+EmptyDataSet.m in Sources */,
				0234FDAB21AEE83F002C10D2 /* DashboardHeader.swift in Sources */,
				024A7B472107D07C00E55B8D /* DashboardCollectionViewLayout.swift in Sources */,
				984F88DA21F95198002C0B41 /* OnlineFriendsTableViewController.swift in Sources */,
				029D41D02029469700CE5480 /* AuthVC.swift in Sources */,
				024B058B2107DA8A002088CD /* HabitViewController.swift in Sources */,
				02EAA6192031165900BF0775 /* Session.swift in Sources */,
				984F88D821F94C55002C0B41 /* Message.swift in Sources */,
				02B15397206316E000368D9E /* HabitCreationViewController.swift in Sources */,
				02183FD1210A90F000F3404D /* HabitTableViewController.swift in Sources */,
				02A3A41621908C2F00FF591E /* SessionTimerViewController.swift in Sources */,
				023EE69B20F664EA008115CB /* DashboardViewController.swift in Sources */,
				02ED82AC2195DBDC0095191C /* SessionEditViewController.swift in Sources */,
				02A032B921ADB5210095EEC3 /* Dash02CollectionViewCell.swift in Sources */,
				02EAA61D2032805A00BF0775 /* Jolt.swift in Sources */,
				024E5E47219DC30F00160A20 /* JoltsTableViewController.swift in Sources */,
				02A4A0342069C250008EDAED /* StringFromDate.swift in Sources */,
				0279E7D62101443500E8D964 /* Dash01CollectionViewCell.swift in Sources */,
				026818B42027ED1100FFB2A6 /* UserLoginViewController.swift in Sources */,
				984F88D121F946D3002C0B41 /* ChatViewController.swift in Sources */,
				02EAA61B20327CC100BF0775 /* Habit.swift in Sources */,
				0275DF7521933E04004BEE21 /* SessionJoltViewController.swift in Sources */,
				02B34AC320C33A7500DBA4FB /* UITextFieldExtension.swift in Sources */,
				0219F81F2097A3C000347E58 /* JoltTableViewCell.swift in Sources */,
				025DA87421B04858006A0F4B /* HabitTableViewCell.swift in Sources */,
			);
			runOnlyForDeploymentPostprocessing = 0;
		};
/* End PBXSourcesBuildPhase section */

/* Begin PBXVariantGroup section */
		0225797A1FD10797001EC2CD /* Main.storyboard */ = {
			isa = PBXVariantGroup;
			children = (
				0225797B1FD10797001EC2CD /* Base */,
			);
			name = Main.storyboard;
			sourceTree = "<group>";
		};
		0225797F1FD10797001EC2CD /* LaunchScreen.storyboard */ = {
			isa = PBXVariantGroup;
			children = (
				022579801FD10797001EC2CD /* Base */,
			);
			name = LaunchScreen.storyboard;
			sourceTree = "<group>";
		};
/* End PBXVariantGroup section */

/* Begin XCBuildConfiguration section */
		022579831FD10797001EC2CD /* Debug */ = {
			isa = XCBuildConfiguration;
			buildSettings = {
				ALWAYS_SEARCH_USER_PATHS = NO;
				CLANG_ANALYZER_NONNULL = YES;
				CLANG_ANALYZER_NUMBER_OBJECT_CONVERSION = YES_AGGRESSIVE;
				CLANG_CXX_LANGUAGE_STANDARD = "gnu++14";
				CLANG_CXX_LIBRARY = "libc++";
				CLANG_ENABLE_MODULES = YES;
				CLANG_ENABLE_OBJC_ARC = YES;
				CLANG_WARN_BLOCK_CAPTURE_AUTORELEASING = YES;
				CLANG_WARN_BOOL_CONVERSION = YES;
				CLANG_WARN_COMMA = YES;
				CLANG_WARN_CONSTANT_CONVERSION = YES;
				CLANG_WARN_DEPRECATED_OBJC_IMPLEMENTATIONS = YES;
				CLANG_WARN_DIRECT_OBJC_ISA_USAGE = YES_ERROR;
				CLANG_WARN_DOCUMENTATION_COMMENTS = YES;
				CLANG_WARN_EMPTY_BODY = YES;
				CLANG_WARN_ENUM_CONVERSION = YES;
				CLANG_WARN_INFINITE_RECURSION = YES;
				CLANG_WARN_INT_CONVERSION = YES;
				CLANG_WARN_NON_LITERAL_NULL_CONVERSION = YES;
				CLANG_WARN_OBJC_IMPLICIT_RETAIN_SELF = YES;
				CLANG_WARN_OBJC_LITERAL_CONVERSION = YES;
				CLANG_WARN_OBJC_ROOT_CLASS = YES_ERROR;
				CLANG_WARN_RANGE_LOOP_ANALYSIS = YES;
				CLANG_WARN_STRICT_PROTOTYPES = YES;
				CLANG_WARN_SUSPICIOUS_MOVE = YES;
				CLANG_WARN_UNGUARDED_AVAILABILITY = YES_AGGRESSIVE;
				CLANG_WARN_UNREACHABLE_CODE = YES;
				CLANG_WARN__DUPLICATE_METHOD_MATCH = YES;
				CODE_SIGN_IDENTITY = "iPhone Developer";
				COPY_PHASE_STRIP = NO;
				DEBUG_INFORMATION_FORMAT = dwarf;
				ENABLE_STRICT_OBJC_MSGSEND = YES;
				ENABLE_TESTABILITY = YES;
				GCC_C_LANGUAGE_STANDARD = gnu11;
				GCC_DYNAMIC_NO_PIC = NO;
				GCC_NO_COMMON_BLOCKS = YES;
				GCC_OPTIMIZATION_LEVEL = 0;
				GCC_PREPROCESSOR_DEFINITIONS = (
					"DEBUG=1",
					"$(inherited)",
				);
				GCC_WARN_64_TO_32_BIT_CONVERSION = YES;
				GCC_WARN_ABOUT_RETURN_TYPE = YES_ERROR;
				GCC_WARN_UNDECLARED_SELECTOR = YES;
				GCC_WARN_UNINITIALIZED_AUTOS = YES_AGGRESSIVE;
				GCC_WARN_UNUSED_FUNCTION = YES;
				GCC_WARN_UNUSED_VARIABLE = YES;
				IPHONEOS_DEPLOYMENT_TARGET = 11.0;
				MTL_ENABLE_DEBUG_INFO = YES;
				ONLY_ACTIVE_ARCH = YES;
				SDKROOT = iphoneos;
				SWIFT_ACTIVE_COMPILATION_CONDITIONS = DEBUG;
				SWIFT_OPTIMIZATION_LEVEL = "-Onone";
			};
			name = Debug;
		};
		022579841FD10797001EC2CD /* Release */ = {
			isa = XCBuildConfiguration;
			buildSettings = {
				ALWAYS_SEARCH_USER_PATHS = NO;
				CLANG_ANALYZER_NONNULL = YES;
				CLANG_ANALYZER_NUMBER_OBJECT_CONVERSION = YES_AGGRESSIVE;
				CLANG_CXX_LANGUAGE_STANDARD = "gnu++14";
				CLANG_CXX_LIBRARY = "libc++";
				CLANG_ENABLE_MODULES = YES;
				CLANG_ENABLE_OBJC_ARC = YES;
				CLANG_WARN_BLOCK_CAPTURE_AUTORELEASING = YES;
				CLANG_WARN_BOOL_CONVERSION = YES;
				CLANG_WARN_COMMA = YES;
				CLANG_WARN_CONSTANT_CONVERSION = YES;
				CLANG_WARN_DEPRECATED_OBJC_IMPLEMENTATIONS = YES;
				CLANG_WARN_DIRECT_OBJC_ISA_USAGE = YES_ERROR;
				CLANG_WARN_DOCUMENTATION_COMMENTS = YES;
				CLANG_WARN_EMPTY_BODY = YES;
				CLANG_WARN_ENUM_CONVERSION = YES;
				CLANG_WARN_INFINITE_RECURSION = YES;
				CLANG_WARN_INT_CONVERSION = YES;
				CLANG_WARN_NON_LITERAL_NULL_CONVERSION = YES;
				CLANG_WARN_OBJC_IMPLICIT_RETAIN_SELF = YES;
				CLANG_WARN_OBJC_LITERAL_CONVERSION = YES;
				CLANG_WARN_OBJC_ROOT_CLASS = YES_ERROR;
				CLANG_WARN_RANGE_LOOP_ANALYSIS = YES;
				CLANG_WARN_STRICT_PROTOTYPES = YES;
				CLANG_WARN_SUSPICIOUS_MOVE = YES;
				CLANG_WARN_UNGUARDED_AVAILABILITY = YES_AGGRESSIVE;
				CLANG_WARN_UNREACHABLE_CODE = YES;
				CLANG_WARN__DUPLICATE_METHOD_MATCH = YES;
				CODE_SIGN_IDENTITY = "iPhone Developer";
				COPY_PHASE_STRIP = NO;
				DEBUG_INFORMATION_FORMAT = "dwarf-with-dsym";
				ENABLE_NS_ASSERTIONS = NO;
				ENABLE_STRICT_OBJC_MSGSEND = YES;
				GCC_C_LANGUAGE_STANDARD = gnu11;
				GCC_NO_COMMON_BLOCKS = YES;
				GCC_WARN_64_TO_32_BIT_CONVERSION = YES;
				GCC_WARN_ABOUT_RETURN_TYPE = YES_ERROR;
				GCC_WARN_UNDECLARED_SELECTOR = YES;
				GCC_WARN_UNINITIALIZED_AUTOS = YES_AGGRESSIVE;
				GCC_WARN_UNUSED_FUNCTION = YES;
				GCC_WARN_UNUSED_VARIABLE = YES;
				IPHONEOS_DEPLOYMENT_TARGET = 11.0;
				MTL_ENABLE_DEBUG_INFO = NO;
				SDKROOT = iphoneos;
				SWIFT_OPTIMIZATION_LEVEL = "-Owholemodule";
				VALIDATE_PRODUCT = YES;
			};
			name = Release;
		};
		022579861FD10797001EC2CD /* Debug */ = {
			isa = XCBuildConfiguration;
			baseConfigurationReference = CEE6A4A4C69C422F173C0E0D /* Pods-Jolt.debug.xcconfig */;
			buildSettings = {
				ASSETCATALOG_COMPILER_APPICON_NAME = AppIcon;
				CLANG_ENABLE_MODULES = YES;
				CODE_SIGN_ENTITLEMENTS = Jolt/Jolt.entitlements;
				CODE_SIGN_STYLE = Automatic;
				DEVELOPMENT_TEAM = 6P98KSK3PB;
				INFOPLIST_FILE = Jolt/Info.plist;
				LD_RUNPATH_SEARCH_PATHS = "$(inherited) @executable_path/Frameworks";
				PRODUCT_BUNDLE_IDENTIFIER = com.example.Jolt;
				PRODUCT_NAME = "$(TARGET_NAME)";
				SWIFT_OBJC_BRIDGING_HEADER = "Jolt/Support Files/Jolt-Bridging-Header.h";
				SWIFT_OPTIMIZATION_LEVEL = "-Onone";
				SWIFT_VERSION = 4.2;
				TARGETED_DEVICE_FAMILY = "1,2";
			};
			name = Debug;
		};
		022579871FD10797001EC2CD /* Release */ = {
			isa = XCBuildConfiguration;
			baseConfigurationReference = DDEE9C83C45703FA928BF363 /* Pods-Jolt.release.xcconfig */;
			buildSettings = {
				ASSETCATALOG_COMPILER_APPICON_NAME = AppIcon;
				CLANG_ENABLE_MODULES = YES;
				CODE_SIGN_ENTITLEMENTS = Jolt/Jolt.entitlements;
				CODE_SIGN_STYLE = Automatic;
				DEVELOPMENT_TEAM = 6P98KSK3PB;
				INFOPLIST_FILE = Jolt/Info.plist;
				LD_RUNPATH_SEARCH_PATHS = "$(inherited) @executable_path/Frameworks";
				PRODUCT_BUNDLE_IDENTIFIER = com.example.Jolt;
				PRODUCT_NAME = "$(TARGET_NAME)";
				SWIFT_OBJC_BRIDGING_HEADER = "Jolt/Support Files/Jolt-Bridging-Header.h";
				SWIFT_VERSION = 4.2;
				TARGETED_DEVICE_FAMILY = "1,2";
			};
			name = Release;
		};
/* End XCBuildConfiguration section */

/* Begin XCConfigurationList section */
		0225796E1FD10797001EC2CD /* Build configuration list for PBXProject "Jolt" */ = {
			isa = XCConfigurationList;
			buildConfigurations = (
				022579831FD10797001EC2CD /* Debug */,
				022579841FD10797001EC2CD /* Release */,
			);
			defaultConfigurationIsVisible = 0;
			defaultConfigurationName = Release;
		};
		022579851FD10797001EC2CD /* Build configuration list for PBXNativeTarget "Jolt" */ = {
			isa = XCConfigurationList;
			buildConfigurations = (
				022579861FD10797001EC2CD /* Debug */,
				022579871FD10797001EC2CD /* Release */,
			);
			defaultConfigurationIsVisible = 0;
			defaultConfigurationName = Release;
		};
/* End XCConfigurationList section */
	};
	rootObject = 0225796B1FD10797001EC2CD /* Project object */;
}
